
Microsoft Visual Studio Solution File, Format Version 12.00
# Visual Studio Version 17
VisualStudioVersion = 17.2.32616.157
MinimumVisualStudioVersion = 10.0.40219.1
Project("{FAE04EC0-301F-11D3-BF4B-00C04F79EFBC}") = "Wallet.Api", "Wallet.Api\Wallet.Api.csproj", "{B2D0DBEF-4E96-4A6D-8E3B-F027AD59902F}"
EndProject
Project("{FAE04EC0-301F-11D3-BF4B-00C04F79EFBC}") = "Inventory.Api", "Inventory.Api\Inventory.Api.csproj", "{79137EAA-21AE-4758-9843-D7519F0D6DE2}"
EndProject
Project("{FAE04EC0-301F-11D3-BF4B-00C04F79EFBC}") = "Order.Api", "Order.Api\Order.Api.csproj", "{E8A076C5-10F5-449C-AE79-E496AFE3BE67}"
EndProject
Project("{FAE04EC0-301F-11D3-BF4B-00C04F79EFBC}") = "ApiGateway", "ApiGateway\ApiGateway.csproj", "{333FC846-2E2F-4034-BFA7-D4E9FD151EE6}"
EndProject
Global
	GlobalSection(SolutionConfigurationPlatforms) = preSolution
		Debug|Any CPU = Debug|Any CPU
		Release|Any CPU = Release|Any CPU
	EndGlobalSection
	GlobalSection(ProjectConfigurationPlatforms) = postSolution
		{B2D0DBEF-4E96-4A6D-8E3B-F027AD59902F}.Debug|Any CPU.ActiveCfg = Debug|Any CPU
		{B2D0DBEF-4E96-4A6D-8E3B-F027AD59902F}.Debug|Any CPU.Build.0 = Debug|Any CPU
		{B2D0DBEF-4E96-4A6D-8E3B-F027AD59902F}.Release|Any CPU.ActiveCfg = Release|Any CPU
		{B2D0DBEF-4E96-4A6D-8E3B-F027AD59902F}.Release|Any CPU.Build.0 = Release|Any CPU
		{79137EAA-21AE-4758-9843-D7519F0D6DE2}.Debug|Any CPU.ActiveCfg = Debug|Any CPU
		{79137EAA-21AE-4758-9843-D7519F0D6DE2}.Debug|Any CPU.Build.0 = Debug|Any CPU
		{79137EAA-21AE-4758-9843-D7519F0D6DE2}.Release|Any CPU.ActiveCfg = Release|Any CPU
		{79137EAA-21AE-4758-9843-D7519F0D6DE2}.Release|Any CPU.Build.0 = Release|Any CPU
		{E8A076C5-10F5-449C-AE79-E496AFE3BE67}.Debug|Any CPU.ActiveCfg = Debug|Any CPU
		{E8A076C5-10F5-449C-AE79-E496AFE3BE67}.Debug|Any CPU.Build.0 = Debug|Any CPU
		{E8A076C5-10F5-449C-AE79-E496AFE3BE67}.Release|Any CPU.ActiveCfg = Release|Any CPU
		{E8A076C5-10F5-449C-AE79-E496AFE3BE67}.Release|Any CPU.Build.0 = Release|Any CPU
		{333FC846-2E2F-4034-BFA7-D4E9FD151EE6}.Debug|Any CPU.ActiveCfg = Debug|Any CPU
		{333FC846-2E2F-4034-BFA7-D4E9FD151EE6}.Debug|Any CPU.Build.0 = Debug|Any CPU
		{333FC846-2E2F-4034-BFA7-D4E9FD151EE6}.Release|Any CPU.ActiveCfg = Release|Any CPU
		{333FC846-2E2F-4034-BFA7-D4E9FD151EE6}.Release|Any CPU.Build.0 = Release|Any CPU
	EndGlobalSection
	GlobalSection(SolutionProperties) = preSolution
		HideSolutionNode = FALSE
	EndGlobalSection
	GlobalSection(ExtensibilityGlobals) = postSolution
		SolutionGuid = {30475DE2-D34A-46BF-A977-F6557E30F079}
	EndGlobalSection
EndGlobal
